
Microsoft Visual Studio Solution File, Format Version 12.00
# Visual Studio 2013
VisualStudioVersion = 12.0.21005.1
MinimumVisualStudioVersion = 10.0.40219.1
Project("{FAE04EC0-301F-11D3-BF4B-00C04F79EFBC}") = "VendingMachine", "VendingMachine\VendingMachine.csproj", "{891CA5EC-9D87-4E36-ADCF-06F7D1D780BA}"
EndProject
Project("{FAE04EC0-301F-11D3-BF4B-00C04F79EFBC}") = "Bank", "Bank\Bank.csproj", "{64AEABE1-4087-4A3C-AC0F-07D59A5615A4}"
EndProject
Global
	GlobalSection(SolutionConfigurationPlatforms) = preSolution
		Debug|Any CPU = Debug|Any CPU
		Release|Any CPU = Release|Any CPU
	EndGlobalSection
	GlobalSection(ProjectConfigurationPlatforms) = postSolution
		{891CA5EC-9D87-4E36-ADCF-06F7D1D780BA}.Debug|Any CPU.ActiveCfg = Debug|Any CPU
		{891CA5EC-9D87-4E36-ADCF-06F7D1D780BA}.Debug|Any CPU.Build.0 = Debug|Any CPU
		{891CA5EC-9D87-4E36-ADCF-06F7D1D780BA}.Release|Any CPU.ActiveCfg = Release|Any CPU
		{891CA5EC-9D87-4E36-ADCF-06F7D1D780BA}.Release|Any CPU.Build.0 = Release|Any CPU
		{64AEABE1-4087-4A3C-AC0F-07D59A5615A4}.Debug|Any CPU.ActiveCfg = Debug|Any CPU
		{64AEABE1-4087-4A3C-AC0F-07D59A5615A4}.Debug|Any CPU.Build.0 = Debug|Any CPU
		{64AEABE1-4087-4A3C-AC0F-07D59A5615A4}.Release|Any CPU.ActiveCfg = Release|Any CPU
		{64AEABE1-4087-4A3C-AC0F-07D59A5615A4}.Release|Any CPU.Build.0 = Release|Any CPU
	EndGlobalSection
	GlobalSection(SolutionProperties) = preSolution
		HideSolutionNode = FALSE
	EndGlobalSection
EndGlobal
